
Microsoft Visual Studio Solution File, Format Version 12.00
# Visual Studio Version 17
VisualStudioVersion = 17.12.35707.178
MinimumVisualStudioVersion = 10.0.40219.1
Project("{FAE04EC0-301F-11D3-BF4B-00C04F79EFBC}") = "exercicio01", "exercicio01\exercicio01.csproj", "{A6715D1F-A6ED-4D9E-8E8A-E7BE319E7C5E}"
EndProject
Project("{FAE04EC0-301F-11D3-BF4B-00C04F79EFBC}") = "exercicio02", "exercicio02\exercicio02.csproj", "{A9060770-AF4C-47F9-AC34-AD8599CE3F82}"
EndProject
Project("{FAE04EC0-301F-11D3-BF4B-00C04F79EFBC}") = "exercicio03", "exercicio03\exercicio03.csproj", "{898869EA-0971-4936-A028-95C3740B0B91}"
EndProject
Project("{FAE04EC0-301F-11D3-BF4B-00C04F79EFBC}") = "exercicio06", "exercicio06\exercicio06.csproj", "{CC515C9D-CF25-44B9-AD87-01BF1ACA4678}"
EndProject
Project("{FAE04EC0-301F-11D3-BF4B-00C04F79EFBC}") = "exercicio07", "exercicio07\exercicio07.csproj", "{95008108-2D9B-4A8F-9CCA-775E4D756EEA}"
EndProject
Project("{FAE04EC0-301F-11D3-BF4B-00C04F79EFBC}") = "exercicio08", "exercicio08\exercicio08.csproj", "{3B28352E-9BFC-44D0-8742-97204D2737E2}"
EndProject
Project("{FAE04EC0-301F-11D3-BF4B-00C04F79EFBC}") = "exercicio09", "exercicio09\exercicio09.csproj", "{B039E2D3-4FE5-4DB0-9197-0D3A69E0F777}"
EndProject
Project("{FAE04EC0-301F-11D3-BF4B-00C04F79EFBC}") = "exercicio10", "exercicio10\exercicio10.csproj", "{82313B0C-DB9F-4957-A939-846F35D0CAE3}"
EndProject
Global
	GlobalSection(SolutionConfigurationPlatforms) = preSolution
		Debug|Any CPU = Debug|Any CPU
		Release|Any CPU = Release|Any CPU
	EndGlobalSection
	GlobalSection(ProjectConfigurationPlatforms) = postSolution
		{A6715D1F-A6ED-4D9E-8E8A-E7BE319E7C5E}.Debug|Any CPU.ActiveCfg = Debug|Any CPU
		{A6715D1F-A6ED-4D9E-8E8A-E7BE319E7C5E}.Debug|Any CPU.Build.0 = Debug|Any CPU
		{A6715D1F-A6ED-4D9E-8E8A-E7BE319E7C5E}.Release|Any CPU.ActiveCfg = Release|Any CPU
		{A6715D1F-A6ED-4D9E-8E8A-E7BE319E7C5E}.Release|Any CPU.Build.0 = Release|Any CPU
		{A9060770-AF4C-47F9-AC34-AD8599CE3F82}.Debug|Any CPU.ActiveCfg = Debug|Any CPU
		{A9060770-AF4C-47F9-AC34-AD8599CE3F82}.Debug|Any CPU.Build.0 = Debug|Any CPU
		{A9060770-AF4C-47F9-AC34-AD8599CE3F82}.Release|Any CPU.ActiveCfg = Release|Any CPU
		{A9060770-AF4C-47F9-AC34-AD8599CE3F82}.Release|Any CPU.Build.0 = Release|Any CPU
		{898869EA-0971-4936-A028-95C3740B0B91}.Debug|Any CPU.ActiveCfg = Debug|Any CPU
		{898869EA-0971-4936-A028-95C3740B0B91}.Debug|Any CPU.Build.0 = Debug|Any CPU
		{898869EA-0971-4936-A028-95C3740B0B91}.Release|Any CPU.ActiveCfg = Release|Any CPU
		{898869EA-0971-4936-A028-95C3740B0B91}.Release|Any CPU.Build.0 = Release|Any CPU
		{CC515C9D-CF25-44B9-AD87-01BF1ACA4678}.Debug|Any CPU.ActiveCfg = Debug|Any CPU
		{CC515C9D-CF25-44B9-AD87-01BF1ACA4678}.Debug|Any CPU.Build.0 = Debug|Any CPU
		{CC515C9D-CF25-44B9-AD87-01BF1ACA4678}.Release|Any CPU.ActiveCfg = Release|Any CPU
		{CC515C9D-CF25-44B9-AD87-01BF1ACA4678}.Release|Any CPU.Build.0 = Release|Any CPU
		{95008108-2D9B-4A8F-9CCA-775E4D756EEA}.Debug|Any CPU.ActiveCfg = Debug|Any CPU
		{95008108-2D9B-4A8F-9CCA-775E4D756EEA}.Debug|Any CPU.Build.0 = Debug|Any CPU
		{95008108-2D9B-4A8F-9CCA-775E4D756EEA}.Release|Any CPU.ActiveCfg = Release|Any CPU
		{95008108-2D9B-4A8F-9CCA-775E4D756EEA}.Release|Any CPU.Build.0 = Release|Any CPU
		{3B28352E-9BFC-44D0-8742-97204D2737E2}.Debug|Any CPU.ActiveCfg = Debug|Any CPU
		{3B28352E-9BFC-44D0-8742-97204D2737E2}.Debug|Any CPU.Build.0 = Debug|Any CPU
		{3B28352E-9BFC-44D0-8742-97204D2737E2}.Release|Any CPU.ActiveCfg = Release|Any CPU
		{3B28352E-9BFC-44D0-8742-97204D2737E2}.Release|Any CPU.Build.0 = Release|Any CPU
		{B039E2D3-4FE5-4DB0-9197-0D3A69E0F777}.Debug|Any CPU.ActiveCfg = Debug|Any CPU
		{B039E2D3-4FE5-4DB0-9197-0D3A69E0F777}.Debug|Any CPU.Build.0 = Debug|Any CPU
		{B039E2D3-4FE5-4DB0-9197-0D3A69E0F777}.Release|Any CPU.ActiveCfg = Release|Any CPU
		{B039E2D3-4FE5-4DB0-9197-0D3A69E0F777}.Release|Any CPU.Build.0 = Release|Any CPU
		{82313B0C-DB9F-4957-A939-846F35D0CAE3}.Debug|Any CPU.ActiveCfg = Debug|Any CPU
		{82313B0C-DB9F-4957-A939-846F35D0CAE3}.Debug|Any CPU.Build.0 = Debug|Any CPU
		{82313B0C-DB9F-4957-A939-846F35D0CAE3}.Release|Any CPU.ActiveCfg = Release|Any CPU
		{82313B0C-DB9F-4957-A939-846F35D0CAE3}.Release|Any CPU.Build.0 = Release|Any CPU
	EndGlobalSection
	GlobalSection(SolutionProperties) = preSolution
		HideSolutionNode = FALSE
	EndGlobalSection
EndGlobal
