
Microsoft Visual Studio Solution File, Format Version 12.00
# Visual Studio Version 17
VisualStudioVersion = 17.12.35707.178
MinimumVisualStudioVersion = 10.0.40219.1
Project("{FAE04EC0-301F-11D3-BF4B-00C04F79EFBC}") = "exercicio01", "exercicio01\exercicio01.csproj", "{A6715D1F-A6ED-4D9E-8E8A-E7BE319E7C5E}"
EndProject
Project("{FAE04EC0-301F-11D3-BF4B-00C04F79EFBC}") = "exercicio02", "exercicio02\exercicio02.csproj", "{A9060770-AF4C-47F9-AC34-AD8599CE3F82}"
EndProject
Project("{FAE04EC0-301F-11D3-BF4B-00C04F79EFBC}") = "exercicio03", "exercicio03\exercicio03.csproj", "{898869EA-0971-4936-A028-95C3740B0B91}"
EndProject
Project("{FAE04EC0-301F-11D3-BF4B-00C04F79EFBC}") = "exercicio06", "exercicio06\exercicio06.csproj", "{CC515C9D-CF25-44B9-AD87-01BF1ACA4678}"
EndProject
Global
	GlobalSection(SolutionConfigurationPlatforms) = preSolution
		Debug|Any CPU = Debug|Any CPU
		Release|Any CPU = Release|Any CPU
	EndGlobalSection
	GlobalSection(ProjectConfigurationPlatforms) = postSolution
		{A6715D1F-A6ED-4D9E-8E8A-E7BE319E7C5E}.Debug|Any CPU.ActiveCfg = Debug|Any CPU
		{A6715D1F-A6ED-4D9E-8E8A-E7BE319E7C5E}.Debug|Any CPU.Build.0 = Debug|Any CPU
		{A6715D1F-A6ED-4D9E-8E8A-E7BE319E7C5E}.Release|Any CPU.ActiveCfg = Release|Any CPU
		{A6715D1F-A6ED-4D9E-8E8A-E7BE319E7C5E}.Release|Any CPU.Build.0 = Release|Any CPU
		{A9060770-AF4C-47F9-AC34-AD8599CE3F82}.Debug|Any CPU.ActiveCfg = Debug|Any CPU
		{A9060770-AF4C-47F9-AC34-AD8599CE3F82}.Debug|Any CPU.Build.0 = Debug|Any CPU
		{A9060770-AF4C-47F9-AC34-AD8599CE3F82}.Release|Any CPU.ActiveCfg = Release|Any CPU
		{A9060770-AF4C-47F9-AC34-AD8599CE3F82}.Release|Any CPU.Build.0 = Release|Any CPU
		{898869EA-0971-4936-A028-95C3740B0B91}.Debug|Any CPU.ActiveCfg = Debug|Any CPU
		{898869EA-0971-4936-A028-95C3740B0B91}.Debug|Any CPU.Build.0 = Debug|Any CPU
		{898869EA-0971-4936-A028-95C3740B0B91}.Release|Any CPU.ActiveCfg = Release|Any CPU
		{898869EA-0971-4936-A028-95C3740B0B91}.Release|Any CPU.Build.0 = Release|Any CPU
		{CC515C9D-CF25-44B9-AD87-01BF1ACA4678}.Debug|Any CPU.ActiveCfg = Debug|Any CPU
		{CC515C9D-CF25-44B9-AD87-01BF1ACA4678}.Debug|Any CPU.Build.0 = Debug|Any CPU
		{CC515C9D-CF25-44B9-AD87-01BF1ACA4678}.Release|Any CPU.ActiveCfg = Release|Any CPU
		{CC515C9D-CF25-44B9-AD87-01BF1ACA4678}.Release|Any CPU.Build.0 = Release|Any CPU
	EndGlobalSection
	GlobalSection(SolutionProperties) = preSolution
		HideSolutionNode = FALSE
	EndGlobalSection
EndGlobal
